{
  "originHash" : "0780455f352a5349c575786eede07d14c97b7828516a9917e1b6420a719d7f7d",
  "pins" : [
    {
      "identity" : "openapikit",
      "kind" : "remoteSourceControl",
      "location" : "https://github.com/mattpolzin/OpenAPIKit",
      "state" : {
        "revision" : "a75aa4166d916f1cb4a192e928a18f7b6d3516bc",
        "version" : "3.5.2"
      }
    },
    {
      "identity" : "swift-algorithms",
      "kind" : "remoteSourceControl",
      "location" : "https://github.com/apple/swift-algorithms",
      "state" : {
        "revision" : "87e50f483c54e6efd60e885f7f5aa946cee68023",
        "version" : "1.2.1"
      }
    },
    {
      "identity" : "swift-argument-parser",
      "kind" : "remoteSourceControl",
      "location" : "https://github.com/apple/swift-argument-parser",
      "state" : {
        "revision" : "011f0c765fb46d9cac61bca19be0527e99c98c8b",
        "version" : "1.5.1"
      }
    },
    {
      "identity" : "swift-collections",
      "kind" : "remoteSourceControl",
      "location" : "https://github.com/apple/swift-collections",
      "state" : {
        "revision" : "c1805596154bb3a265fd91b8ac0c4433b4348fb0",
        "version" : "1.2.0"
      }
    },
    {
      "identity" : "swift-http-types",
      "kind" : "remoteSourceControl",
      "location" : "https://github.com/apple/swift-http-types",
      "state" : {
        "revision" : "a0a57e949a8903563aba4615869310c0ebf14c03",
        "version" : "1.4.0"
      }
    },
    {
      "identity" : "swift-numerics",
      "kind" : "remoteSourceControl",
      "location" : "https://github.com/apple/swift-numerics.git",
      "state" : {
        "revision" : "e0ec0f5f3af6f3e4d5e7a19d2af26b481acb6ba8",
        "version" : "1.0.3"
      }
    },
    {
      "identity" : "swift-openapi-generator",
      "kind" : "remoteSourceControl",
      "location" : "https://github.com/apple/swift-openapi-generator",
      "state" : {
        "revision" : "09ed6c489f88d06228a404a0313adeea743e6cad",
        "version" : "1.8.0"
      }
    },
    {
      "identity" : "swift-openapi-runtime",
      "kind" : "remoteSourceControl",
      "location" : "https://github.com/apple/swift-openapi-runtime/",
      "state" : {
        "revision" : "8f33cc5dfe81169fb167da73584b9c72c3e8bc23",
        "version" : "1.8.2"
      }
    },
    {
      "identity" : "swift-openapi-urlsession",
      "kind" : "remoteSourceControl",
      "location" : "https://github.com/apple/swift-openapi-urlsession",
      "state" : {
        "revision" : "6fac6f7c428d5feea2639b5f5c8b06ddfb79434b",
        "version" : "1.1.0"
      }
    },
    {
      "identity" : "yams",
      "kind" : "remoteSourceControl",
      "location" : "https://github.com/jpsim/Yams",
      "state" : {
        "revision" : "7568d1c6c63a094405afb32264c57dc4e1435835",
        "version" : "6.0.1"
      }
    }
  ],
  "version" : 3
}
